
Microsoft Visual Studio Solution File, Format Version 12.00
# Visual Studio Version 16
VisualStudioVersion = 16.0.30711.63
MinimumVisualStudioVersion = 10.0.40219.1
Project("{FAE04EC0-301F-11D3-BF4B-00C04F79EFBC}") = "GoodMemories.Android", "GoodMemories.Android\GoodMemories.Android.csproj", "{FF2E7D9B-929E-4A38-AA5E-E23F3BFDC702}"
EndProject
Project("{FAE04EC0-301F-11D3-BF4B-00C04F79EFBC}") = "GoodMemories.iOS", "GoodMemories.iOS\GoodMemories.iOS.csproj", "{78B9D0EC-12FA-4790-8CAB-E5500C6F6B90}"
EndProject
Project("{FAE04EC0-301F-11D3-BF4B-00C04F79EFBC}") = "GoodMemories", "GoodMemories\GoodMemories.csproj", "{FF40CE70-D7EC-4006-9CD6-93A5AFDDA9E2}"
EndProject
Global
	GlobalSection(SolutionConfigurationPlatforms) = preSolution
		Debug|Any CPU = Debug|Any CPU
		Debug|iPhone = Debug|iPhone
		Debug|iPhoneSimulator = Debug|iPhoneSimulator
		Release|Any CPU = Release|Any CPU
		Release|iPhone = Release|iPhone
		Release|iPhoneSimulator = Release|iPhoneSimulator
	EndGlobalSection
	GlobalSection(ProjectConfigurationPlatforms) = postSolution
		{FF2E7D9B-929E-4A38-AA5E-E23F3BFDC702}.Debug|Any CPU.ActiveCfg = Debug|Any CPU
		{FF2E7D9B-929E-4A38-AA5E-E23F3BFDC702}.Debug|Any CPU.Build.0 = Debug|Any CPU
		{FF2E7D9B-929E-4A38-AA5E-E23F3BFDC702}.Debug|Any CPU.Deploy.0 = Debug|Any CPU
		{FF2E7D9B-929E-4A38-AA5E-E23F3BFDC702}.Debug|iPhone.ActiveCfg = Debug|Any CPU
		{FF2E7D9B-929E-4A38-AA5E-E23F3BFDC702}.Debug|iPhone.Build.0 = Debug|Any CPU
		{FF2E7D9B-929E-4A38-AA5E-E23F3BFDC702}.Debug|iPhone.Deploy.0 = Debug|Any CPU
		{FF2E7D9B-929E-4A38-AA5E-E23F3BFDC702}.Debug|iPhoneSimulator.ActiveCfg = Debug|Any CPU
		{FF2E7D9B-929E-4A38-AA5E-E23F3BFDC702}.Debug|iPhoneSimulator.Build.0 = Debug|Any CPU
		{FF2E7D9B-929E-4A38-AA5E-E23F3BFDC702}.Debug|iPhoneSimulator.Deploy.0 = Debug|Any CPU
		{FF2E7D9B-929E-4A38-AA5E-E23F3BFDC702}.Release|Any CPU.ActiveCfg = Release|Any CPU
		{FF2E7D9B-929E-4A38-AA5E-E23F3BFDC702}.Release|Any CPU.Build.0 = Release|Any CPU
		{FF2E7D9B-929E-4A38-AA5E-E23F3BFDC702}.Release|Any CPU.Deploy.0 = Release|Any CPU
		{FF2E7D9B-929E-4A38-AA5E-E23F3BFDC702}.Release|iPhone.ActiveCfg = Release|Any CPU
		{FF2E7D9B-929E-4A38-AA5E-E23F3BFDC702}.Release|iPhone.Build.0 = Release|Any CPU
		{FF2E7D9B-929E-4A38-AA5E-E23F3BFDC702}.Release|iPhone.Deploy.0 = Release|Any CPU
		{FF2E7D9B-929E-4A38-AA5E-E23F3BFDC702}.Release|iPhoneSimulator.ActiveCfg = Release|Any CPU
		{FF2E7D9B-929E-4A38-AA5E-E23F3BFDC702}.Release|iPhoneSimulator.Build.0 = Release|Any CPU
		{FF2E7D9B-929E-4A38-AA5E-E23F3BFDC702}.Release|iPhoneSimulator.Deploy.0 = Release|Any CPU
		{78B9D0EC-12FA-4790-8CAB-E5500C6F6B90}.Debug|Any CPU.ActiveCfg = Debug|iPhone
		{78B9D0EC-12FA-4790-8CAB-E5500C6F6B90}.Debug|Any CPU.Build.0 = Debug|iPhone
		{78B9D0EC-12FA-4790-8CAB-E5500C6F6B90}.Debug|Any CPU.Deploy.0 = Debug|iPhone
		{78B9D0EC-12FA-4790-8CAB-E5500C6F6B90}.Debug|iPhone.ActiveCfg = Debug|iPhone
		{78B9D0EC-12FA-4790-8CAB-E5500C6F6B90}.Debug|iPhone.Build.0 = Debug|iPhone
		{78B9D0EC-12FA-4790-8CAB-E5500C6F6B90}.Debug|iPhone.Deploy.0 = Debug|iPhone
		{78B9D0EC-12FA-4790-8CAB-E5500C6F6B90}.Debug|iPhoneSimulator.ActiveCfg = Debug|iPhoneSimulator
		{78B9D0EC-12FA-4790-8CAB-E5500C6F6B90}.Debug|iPhoneSimulator.Build.0 = Debug|iPhoneSimulator
		{78B9D0EC-12FA-4790-8CAB-E5500C6F6B90}.Debug|iPhoneSimulator.Deploy.0 = Debug|iPhoneSimulator
		{78B9D0EC-12FA-4790-8CAB-E5500C6F6B90}.Release|Any CPU.ActiveCfg = Release|iPhoneSimulator
		{78B9D0EC-12FA-4790-8CAB-E5500C6F6B90}.Release|Any CPU.Build.0 = Release|iPhoneSimulator
		{78B9D0EC-12FA-4790-8CAB-E5500C6F6B90}.Release|Any CPU.Deploy.0 = Release|iPhoneSimulator
		{78B9D0EC-12FA-4790-8CAB-E5500C6F6B90}.Release|iPhone.ActiveCfg = Release|iPhone
		{78B9D0EC-12FA-4790-8CAB-E5500C6F6B90}.Release|iPhone.Build.0 = Release|iPhone
		{78B9D0EC-12FA-4790-8CAB-E5500C6F6B90}.Release|iPhone.Deploy.0 = Release|iPhone
		{78B9D0EC-12FA-4790-8CAB-E5500C6F6B90}.Release|iPhoneSimulator.ActiveCfg = Release|iPhoneSimulator
		{78B9D0EC-12FA-4790-8CAB-E5500C6F6B90}.Release|iPhoneSimulator.Build.0 = Release|iPhoneSimulator
		{78B9D0EC-12FA-4790-8CAB-E5500C6F6B90}.Release|iPhoneSimulator.Deploy.0 = Release|iPhoneSimulator
		{FF40CE70-D7EC-4006-9CD6-93A5AFDDA9E2}.Debug|Any CPU.ActiveCfg = Debug|Any CPU
		{FF40CE70-D7EC-4006-9CD6-93A5AFDDA9E2}.Debug|Any CPU.Build.0 = Debug|Any CPU
		{FF40CE70-D7EC-4006-9CD6-93A5AFDDA9E2}.Debug|Any CPU.Deploy.0 = Debug|Any CPU
		{FF40CE70-D7EC-4006-9CD6-93A5AFDDA9E2}.Debug|iPhone.ActiveCfg = Debug|Any CPU
		{FF40CE70-D7EC-4006-9CD6-93A5AFDDA9E2}.Debug|iPhone.Build.0 = Debug|Any CPU
		{FF40CE70-D7EC-4006-9CD6-93A5AFDDA9E2}.Debug|iPhone.Deploy.0 = Debug|Any CPU
		{FF40CE70-D7EC-4006-9CD6-93A5AFDDA9E2}.Debug|iPhoneSimulator.ActiveCfg = Debug|Any CPU
		{FF40CE70-D7EC-4006-9CD6-93A5AFDDA9E2}.Debug|iPhoneSimulator.Build.0 = Debug|Any CPU
		{FF40CE70-D7EC-4006-9CD6-93A5AFDDA9E2}.Debug|iPhoneSimulator.Deploy.0 = Debug|Any CPU
		{FF40CE70-D7EC-4006-9CD6-93A5AFDDA9E2}.Release|Any CPU.ActiveCfg = Release|Any CPU
		{FF40CE70-D7EC-4006-9CD6-93A5AFDDA9E2}.Release|Any CPU.Build.0 = Release|Any CPU
		{FF40CE70-D7EC-4006-9CD6-93A5AFDDA9E2}.Release|Any CPU.Deploy.0 = Release|Any CPU
		{FF40CE70-D7EC-4006-9CD6-93A5AFDDA9E2}.Release|iPhone.ActiveCfg = Release|Any CPU
		{FF40CE70-D7EC-4006-9CD6-93A5AFDDA9E2}.Release|iPhone.Build.0 = Release|Any CPU
		{FF40CE70-D7EC-4006-9CD6-93A5AFDDA9E2}.Release|iPhone.Deploy.0 = Release|Any CPU
		{FF40CE70-D7EC-4006-9CD6-93A5AFDDA9E2}.Release|iPhoneSimulator.ActiveCfg = Release|Any CPU
		{FF40CE70-D7EC-4006-9CD6-93A5AFDDA9E2}.Release|iPhoneSimulator.Build.0 = Release|Any CPU
		{FF40CE70-D7EC-4006-9CD6-93A5AFDDA9E2}.Release|iPhoneSimulator.Deploy.0 = Release|Any CPU
	EndGlobalSection
	GlobalSection(SolutionProperties) = preSolution
		HideSolutionNode = FALSE
	EndGlobalSection
	GlobalSection(ExtensibilityGlobals) = postSolution
		SolutionGuid = {314BEA3D-F9E2-419D-8B1E-742110EE1CAE}
	EndGlobalSection
EndGlobal
